
Microsoft Visual Studio Solution File, Format Version 12.00
# Visual Studio Version 16
VisualStudioVersion = 16.0.28803.452
MinimumVisualStudioVersion = 10.0.40219.1
Project("{FAE04EC0-301F-11D3-BF4B-00C04F79EFBC}") = "Chokwonsik", "Chokwonsik\Chokwonsik.csproj", "{2302B7C6-0FA1-446B-98D2-66AD15D6E9DD}"
EndProject
Global
	GlobalSection(SolutionConfigurationPlatforms) = preSolution
		Debug|Any CPU = Debug|Any CPU
		Release|Any CPU = Release|Any CPU
	EndGlobalSection
	GlobalSection(ProjectConfigurationPlatforms) = postSolution
		{2302B7C6-0FA1-446B-98D2-66AD15D6E9DD}.Debug|Any CPU.ActiveCfg = Debug|Any CPU
		{2302B7C6-0FA1-446B-98D2-66AD15D6E9DD}.Debug|Any CPU.Build.0 = Debug|Any CPU
		{2302B7C6-0FA1-446B-98D2-66AD15D6E9DD}.Release|Any CPU.ActiveCfg = Release|Any CPU
		{2302B7C6-0FA1-446B-98D2-66AD15D6E9DD}.Release|Any CPU.Build.0 = Release|Any CPU
	EndGlobalSection
	GlobalSection(SolutionProperties) = preSolution
		HideSolutionNode = FALSE
	EndGlobalSection
	GlobalSection(ExtensibilityGlobals) = postSolution
		SolutionGuid = {D27A26E7-D803-4421-954E-6A1B87A54179}
	EndGlobalSection
EndGlobal
